
Microsoft Visual Studio Solution File, Format Version 12.00
# Visual Studio Version 17
VisualStudioVersion = 17.9.34728.123
MinimumVisualStudioVersion = 10.0.40219.1
Project("{FAE04EC0-301F-11D3-BF4B-00C04F79EFBC}") = "ExcelParser", "ExcelParser\ExcelParser.csproj", "{60E2FB88-2F1E-46F4-82F0-25D78212EA77}"
EndProject
Project("{FAE04EC0-301F-11D3-BF4B-00C04F79EFBC}") = "Model", "Model\Model.csproj", "{E39D6906-BEE0-4F01-925F-5CC9F991420E}"
EndProject
Project("{FAE04EC0-301F-11D3-BF4B-00C04F79EFBC}") = "Infrastructure", "Infrastructure\Infrastructure.csproj", "{3A25A876-DEF7-4F28-BCE5-CEF47894DEA0}"
EndProject
Global
	GlobalSection(SolutionConfigurationPlatforms) = preSolution
		Debug|Any CPU = Debug|Any CPU
		Release|Any CPU = Release|Any CPU
	EndGlobalSection
	GlobalSection(ProjectConfigurationPlatforms) = postSolution
		{60E2FB88-2F1E-46F4-82F0-25D78212EA77}.Debug|Any CPU.ActiveCfg = Debug|Any CPU
		{60E2FB88-2F1E-46F4-82F0-25D78212EA77}.Debug|Any CPU.Build.0 = Debug|Any CPU
		{60E2FB88-2F1E-46F4-82F0-25D78212EA77}.Release|Any CPU.ActiveCfg = Release|Any CPU
		{60E2FB88-2F1E-46F4-82F0-25D78212EA77}.Release|Any CPU.Build.0 = Release|Any CPU
		{E39D6906-BEE0-4F01-925F-5CC9F991420E}.Debug|Any CPU.ActiveCfg = Debug|Any CPU
		{E39D6906-BEE0-4F01-925F-5CC9F991420E}.Debug|Any CPU.Build.0 = Debug|Any CPU
		{E39D6906-BEE0-4F01-925F-5CC9F991420E}.Release|Any CPU.ActiveCfg = Release|Any CPU
		{E39D6906-BEE0-4F01-925F-5CC9F991420E}.Release|Any CPU.Build.0 = Release|Any CPU
		{3A25A876-DEF7-4F28-BCE5-CEF47894DEA0}.Debug|Any CPU.ActiveCfg = Debug|Any CPU
		{3A25A876-DEF7-4F28-BCE5-CEF47894DEA0}.Debug|Any CPU.Build.0 = Debug|Any CPU
		{3A25A876-DEF7-4F28-BCE5-CEF47894DEA0}.Release|Any CPU.ActiveCfg = Release|Any CPU
		{3A25A876-DEF7-4F28-BCE5-CEF47894DEA0}.Release|Any CPU.Build.0 = Release|Any CPU
	EndGlobalSection
	GlobalSection(SolutionProperties) = preSolution
		HideSolutionNode = FALSE
	EndGlobalSection
	GlobalSection(ExtensibilityGlobals) = postSolution
		SolutionGuid = {95E69FC8-042E-49FC-B3B9-DFC61C0D0072}
	EndGlobalSection
EndGlobal
